{
  "requires": true,
  "lockfileVersion": 1,
  "dependencies": {
    "thorui-uni": {
      "version": "1.7.0",
      "resolved": "https://registry.npmjs.org/thorui-uni/-/thorui-uni-1.7.0.tgz",
      "integrity": "sha512-eY6eHAnArp9oN2sUb7bHD0qFKflry3q0cVekmlQaa9C2r1193dxPmxdKNn9CC5OPfbhjw8z1SeTEcuhmQqxTiQ=="
    }
  }
}
